{
  "version": "3",
  "packages": {
    "specifiers": {
      "npm:@types/node@20.2.5": "npm:@types/node@20.2.5"
    },
    "npm": {
      "@types/node@20.2.5": {
        "integrity": "sha512-JJulVEQXmiY9Px5axXHeYGLSjhkZEnD+MDPDGbCbIAbMslkKwmygtZFy1X6s/075Yo94sf8GuSlFfPzysQrWZQ==",
        "dependencies": {}
      }
    }
  },
  "remote": {
    "https://cdn.jsdelivr.net/gh/masx200/deno-http-middleware@3.3.0/adapter/IncomingMessageToRequest.ts": "740d7a1851125a8029d450a2de5ffb38187cb41986fab44c2bdf38cd8f8fbfff",
    "https://cdn.jsdelivr.net/gh/masx200/deno-http-middleware@3.3.0/adapter/RequestListener.ts": "84cfe40666d0cbc09b4a1f7d43048173979b7385052e1b4afe3a3b337797f3a4",
    "https://cdn.jsdelivr.net/gh/masx200/deno-http-middleware@3.3.0/adapter/ResponseToServerResponse.ts": "ede96998db2fc2325339172c494fab256394f9c1fb157b7b686bf91762c4f475",
    "https://cdn.jsdelivr.net/gh/masx200/deno-http-middleware@3.3.0/adapter/createNodeContext.ts": "2b41250ffa7d9cfa2f7cf202fc28113e11ef196a3987028a0aec5940500b70b1",
    "https://cdn.jsdelivr.net/gh/masx200/deno-http-middleware@3.3.0/adapter/createRequestListener.ts": "c88627de10f6d39119246ad68393b77bb6d8fde7da978dbec4208215fe238581",
    "https://cdn.jsdelivr.net/gh/masx200/deno-http-middleware@3.3.0/adapter/getIncomingMessage.ts": "7125af8b7ae7796ebe293c81fd0d51033b5569e455e01525babf3209834e8e02",
    "https://cdn.jsdelivr.net/gh/masx200/deno-http-middleware@3.3.0/adapter/getServerResponse.ts": "478cd402c6b7aa289087a97c6309b7aa9d944667efd183e8c2838ee897c31977",
    "https://cdn.jsdelivr.net/gh/masx200/deno-http-middleware@3.3.0/adapter/listener.ts": "220cd3302a16a924d47dcfebd6fb6d9eaede0952a321b9dc346b78306096d5dd",
    "https://cdn.jsdelivr.net/gh/masx200/deno-http-middleware@3.3.0/adapter/requestListenerToMiddleWare.ts": "a1d2c1b23a3ece804633d93d88993762756e425a25be755eb2f760d9773fc5ef",
    "https://cdn.jsdelivr.net/gh/masx200/deno-http-middleware@3.3.0/body/bodyToBlob.ts": "2505f00729e70f42a9f37e8dc2d37294c6d607a1560e06ba379f5c4913d984e2",
    "https://cdn.jsdelivr.net/gh/masx200/deno-http-middleware@3.3.0/body/bodyToBuffer.ts": "1d142816ac9ceba526439d3c679ea220396de38565d25580d960f6f58c59b3c6",
    "https://cdn.jsdelivr.net/gh/masx200/deno-http-middleware@3.3.0/body/bodyToFormData.ts": "166440635742762f7f0ddd4d1804f1e2060c4fa33f6cf344d017969714b88182",
    "https://cdn.jsdelivr.net/gh/masx200/deno-http-middleware@3.3.0/body/bodyToJSON.ts": "7409d671e8fc3c6a47d4f8610974732518230484edc4e738f00f7e8945bb976f",
    "https://cdn.jsdelivr.net/gh/masx200/deno-http-middleware@3.3.0/body/bodyToText.ts": "92bc1bebd7fd1fe6b54798b7d8ee0235f4cedc9853d6d3c6dd4753b683f641cc",
    "https://cdn.jsdelivr.net/gh/masx200/deno-http-middleware@3.3.0/deps.ts": "b319a8926f00f7e25eac5ae34388ed8327c558f912d89de1e58c7a244266e386",
    "https://cdn.jsdelivr.net/gh/masx200/deno-http-middleware@3.3.0/middleware.ts": "3afad45c9a09b5670c6b60b87bdcc5cfb2f8511dfa5f42aa4b2801f58468dbc7",
    "https://cdn.jsdelivr.net/gh/masx200/deno-http-middleware@3.3.0/middleware/conditional_get.ts": "26d97ff4a635cbcb58898c83667d6430fc6b9a5badc9f94fdccdb747646a8e0a",
    "https://cdn.jsdelivr.net/gh/masx200/deno-http-middleware@3.3.0/middleware/cors_all_get.ts": "c74506991c4caaf36f3e6cb3b19578e6bce840b18bbc265734780892f862a593",
    "https://cdn.jsdelivr.net/gh/masx200/deno-http-middleware@3.3.0/middleware/etag_builder.ts": "d4b0b94b7d1c3c537253d7d54c02e7f4d1e8501889bbe0014e167ed16ea97e8c",
    "https://cdn.jsdelivr.net/gh/masx200/deno-http-middleware@3.3.0/middleware/json_builder.ts": "50d7bb216335e3aa86fd0536db9c4c022619dc094db8e9c6e416bc55255aab72",
    "https://cdn.jsdelivr.net/gh/masx200/deno-http-middleware@3.3.0/middleware/logger.ts": "0f0d471be9a48541c917d303bc16e6e3bbd1a84d3f5dbe1074c2c5214b03330d",
    "https://cdn.jsdelivr.net/gh/masx200/deno-http-middleware@3.3.0/middleware/method_override.ts": "2c604367c300489b5350a65a72bd65f958daedf281534e78b3d157128d7896c3",
    "https://cdn.jsdelivr.net/gh/masx200/deno-http-middleware@3.3.0/middleware/stream_etag.ts": "09dde6fe3ac6fe3b36827b89191356790825888baadbc5d1a3abc0ddc858a87a",
    "https://cdn.jsdelivr.net/gh/masx200/deno-http-middleware@3.3.0/mod.ts": "968284675273e0b186be6a4d02a4d02a3a00a388aa39d784b3c7e8fd07ae2939",
    "https://cdn.jsdelivr.net/gh/masx200/deno-http-middleware@3.3.0/response/EtagResponse.ts": "28efa075cca7211e94655e80ca37c0e1c909d6d7e05e372340065633799d5795",
    "https://cdn.jsdelivr.net/gh/masx200/deno-http-middleware@3.3.0/response/JSONResponse.ts": "28dadd80c6f5989c4164ddf21baa2773a410f383d829cf57d25a05b1840a2a9a",
    "https://cdn.jsdelivr.net/gh/masx200/deno-http-middleware@3.3.0/response/cloneResponseMutableHeaders.ts": "6f086b4cfc798c4f920bbba5179a5cfe3f5eb98ed7bb6c9dc3fd71fc1caa8007",
    "https://cdn.jsdelivr.net/gh/masx200/deno-http-middleware@3.3.0/response/createEtagHash.ts": "3b8bfd01f908ad88dd1e7454a479a2cd921db3552f37649a5e4c4adff0c54f2f",
    "https://cdn.jsdelivr.net/gh/masx200/deno-http-middleware@3.3.0/src/Context.ts": "9dadcf4574a3b14ec280940d9688a868199f9fd46eb5b1eda448201e28b6c4cf",
    "https://cdn.jsdelivr.net/gh/masx200/deno-http-middleware@3.3.0/src/ErrorHandler.ts": "80eb92c77c62273aeaac1545f80ff2061d84a69049c2bea4ca4983c9f1f7c980",
    "https://cdn.jsdelivr.net/gh/masx200/deno-http-middleware@3.3.0/src/Middleware.ts": "1122bb55e2e0150edd2fad7f50a5fabbb48a31dbdc887983a407ab5413c35d98",
    "https://cdn.jsdelivr.net/gh/masx200/deno-http-middleware@3.3.0/src/NotFoundHandler.ts": "6a223d02fa3ee69122d4b273f163e2bae825ce62fdb6df776edd1ace5188f8f7",
    "https://cdn.jsdelivr.net/gh/masx200/deno-http-middleware@3.3.0/src/RetProcessor.ts": "07b431fa76c5031080c80bffb16275792dd3d3061421c892109339cba5e0d0d4",
    "https://cdn.jsdelivr.net/gh/masx200/deno-http-middleware@3.3.0/src/composeMiddleware.ts": "e21a19135eb119eb36b1f9181759ae2e38b04e082f8108237fae23d83279d9aa",
    "https://cdn.jsdelivr.net/gh/masx200/deno-http-middleware@3.3.0/src/createContext.ts": "ce464aae87ae99509bd9160de30c4baaf991e2adf7c5244776a859bdf207bab6",
    "https://cdn.jsdelivr.net/gh/masx200/deno-http-middleware@3.3.0/src/createDeferred.ts": "5fcd6f9bbceef1fb8f3aea866b02aea48d0e8e7cd4bb7ee75ff7033942c73d68",
    "https://cdn.jsdelivr.net/gh/masx200/deno-http-middleware@3.3.0/src/createHandler.ts": "b3f52e7a2c1aec47f7d0f363fd18203c32376b3913923969ab3736a32f9d21f2",
    "https://cdn.jsdelivr.net/gh/masx200/deno-http-middleware@3.3.0/src/error_handler.ts": "16afc4345ca32d8618b22002ed120de70f0352522511553d0cd4cf5057473317",
    "https://cdn.jsdelivr.net/gh/masx200/deno-http-middleware@3.3.0/src/getOriginalOptions.ts": "89cf3a8e420c6fe879b0f732cc5efff366ccd9bfb03e305dbb483feb75e0e022",
    "https://cdn.jsdelivr.net/gh/masx200/deno-http-middleware@3.3.0/src/getOriginalRequest.ts": "adf20fa79f9587ac665f5b78ddd7a70eb1b60200a53ac2860688bdd2a924ed67",
    "https://cdn.jsdelivr.net/gh/masx200/deno-http-middleware@3.3.0/src/notfound_handler.ts": "85bb5866dcee3c33a22527715cfe3f5edd797547211842194d62bb3a703f5a8d",
    "https://cdn.jsdelivr.net/gh/masx200/deno-http-middleware@3.3.0/src/request_to_options.ts": "33e4b6e1708df46775feb96163bfdc3a282120d2c184c1da56c89f14c2980360",
    "https://cdn.jsdelivr.net/gh/masx200/deno-http-middleware@3.3.0/src/response_builder.ts": "a7b87d67b8f77dec0d44eec2a0bae44a5c719d2685e375979c6df60e836ba35b",
    "https://cdn.jsdelivr.net/gh/masx200/deno-http-middleware@3.3.0/src/updateRequest.ts": "01eca281a9558219025ea877084a4bf416bd296471da3772410cdd03b15db909",
    "https://cdn.jsdelivr.net/gh/masx200/deno-http-middleware@3.3.0/src/updateResponse.ts": "4b454b5df4dfa35fca243c8392f658431c92af0810333369155fe81e134496cc",
    "https://cdn.jsdelivr.net/gh/masx200/deno-http-middleware@3.3.0/utils/ReadableStreamSmallerThanLimitToBuffer.ts": "a35ff8a326c0b0556ad52993a1547c64773f67676af31f5e33bda63acaf7a8da",
    "https://cdn.jsdelivr.net/gh/masx200/deno-http-middleware@3.3.0/utils/concatArrayBuffer.ts": "6b31d6170f1dc56657f2498a9bc48a13046c3b52420043a7c9fe6605d8ef1ce1",
    "https://cdn.skypack.dev/-/fresh@v0.5.2-jq2RfkxkqBVTI0konL8T/dist=es2019,mode=imports/optimized/fresh.js": "fa8e2b17083d5c22b0a7f0bf46cfbf3f832040906dbc4f902a0699867b607bc9",
    "https://cdn.skypack.dev/-/lodash@v4.17.21-K6GEbP02mWFnLA45zAmi/dist=es2019,mode=imports/unoptimized/_Symbol.js": "650d862147c86b4c33f38345c4e655ce1965453ce52dd068a3b1ae5322b25e64",
    "https://cdn.skypack.dev/-/lodash@v4.17.21-K6GEbP02mWFnLA45zAmi/dist=es2019,mode=imports/unoptimized/_baseGetTag.js": "c97d3786bd766486982c5e0dd17195bbf7bf849f0729a7759bb9554fbded24f4",
    "https://cdn.skypack.dev/-/lodash@v4.17.21-K6GEbP02mWFnLA45zAmi/dist=es2019,mode=imports/unoptimized/_freeGlobal.js": "6c24f76a8bd793f04a6717de2f2a433fd0ab06eac260a6cdebb2b69dedbd0dff",
    "https://cdn.skypack.dev/-/lodash@v4.17.21-K6GEbP02mWFnLA45zAmi/dist=es2019,mode=imports/unoptimized/_getPrototype.js": "12b0f15c56e9c531fd77318c1c9a0f08067c4e0539570987d3dcbd8384204049",
    "https://cdn.skypack.dev/-/lodash@v4.17.21-K6GEbP02mWFnLA45zAmi/dist=es2019,mode=imports/unoptimized/_getRawTag.js": "2a7cdfee2564bf2fd86504a383a831a8d4f15c36fbb1880860b692037643dacd",
    "https://cdn.skypack.dev/-/lodash@v4.17.21-K6GEbP02mWFnLA45zAmi/dist=es2019,mode=imports/unoptimized/_objectToString.js": "ff07746186611d44f82085eb4cdb067ad9787bd2d3cd79216bf2bb0c141b629c",
    "https://cdn.skypack.dev/-/lodash@v4.17.21-K6GEbP02mWFnLA45zAmi/dist=es2019,mode=imports/unoptimized/_overArg.js": "798c9b8125995422c5f7c3ffa4022ce07f6b977790b687f41ce5c797047f47d5",
    "https://cdn.skypack.dev/-/lodash@v4.17.21-K6GEbP02mWFnLA45zAmi/dist=es2019,mode=imports/unoptimized/_root.js": "1c9fabd235438887b4f9aef8d212ee634a908841761390876e957b131f410b93",
    "https://cdn.skypack.dev/-/lodash@v4.17.21-K6GEbP02mWFnLA45zAmi/dist=es2019,mode=imports/unoptimized/isObjectLike.js": "77b4bbfbe3a2af73d3ade0baa84c3e1deb1804e0ee21a8820844d233602558d6",
    "https://cdn.skypack.dev/-/lodash@v4.17.21-K6GEbP02mWFnLA45zAmi/dist=es2019,mode=imports/unoptimized/isPlainObject.js": "0646072773b8993122813daedbce6f7e54fe4a9dac92f091988c0c546aba5555",
    "https://cdn.skypack.dev/fresh@0.5.2?dts": "e3c4fada4050275ef1017a585c65b0c5136ab9271c094f6c84d727a285976952",
    "https://cdn.skypack.dev/lodash@4.17.21/isPlainObject?dts": "d35a652d6a78deb299569adf8e5f8348b561561245994e0de4c291f38b60dc76",
    "https://deno.land/std@0.182.0/_util/asserts.ts": "178dfc49a464aee693a7e285567b3d0b555dc805ff490505a8aae34f9cfb1462",
    "https://deno.land/std@0.182.0/async/abortable.ts": "fd682fa46f3b7b16b4606a5ab52a7ce309434b76f820d3221bdfb862719a15d7",
    "https://deno.land/std@0.182.0/async/deadline.ts": "c5facb0b404eede83e38bd2717ea8ab34faa2ffb20ef87fd261fcba32ba307aa",
    "https://deno.land/std@0.182.0/async/debounce.ts": "adab11d04ca38d699444ac8a9d9856b4155e8dda2afd07ce78276c01ea5a4332",
    "https://deno.land/std@0.182.0/async/deferred.ts": "42790112f36a75a57db4a96d33974a936deb7b04d25c6084a9fa8a49f135def8",
    "https://deno.land/std@0.182.0/async/delay.ts": "73aa04cec034c84fc748c7be49bb15cac3dd43a57174bfdb7a4aec22c248f0dd",
    "https://deno.land/std@0.182.0/async/mod.ts": "f04344fa21738e5ad6bea37a6bfffd57c617c2d372bb9f9dcfd118a1b622e576",
    "https://deno.land/std@0.182.0/async/mux_async_iterator.ts": "70c7f2ee4e9466161350473ad61cac0b9f115cff4c552eaa7ef9d50c4cbb4cc9",
    "https://deno.land/std@0.182.0/async/pool.ts": "fd082bd4aaf26445909889435a5c74334c017847842ec035739b4ae637ae8260",
    "https://deno.land/std@0.182.0/async/retry.ts": "dd19d93033d8eaddbfcb7654c0366e9d3b0a21448bdb06eba4a7d8a8cf936a92",
    "https://deno.land/std@0.182.0/async/tee.ts": "47e42d35f622650b02234d43803d0383a89eb4387e1b83b5a40106d18ae36757",
    "https://deno.land/std@0.182.0/flags/mod.ts": "4d829c5bd1d657799cdeb487c6e418960efc6f4d8ce6cadc38a54b9ce266160a",
    "https://deno.land/std@0.182.0/http/server.ts": "cbb17b594651215ba95c01a395700684e569c165a567e4e04bba327f41197433",
    "https://deno.land/std@0.189.0/encoding/hex.ts": "b4b1a7cb678745b0bf181ed8cf2498c7be00d121a7de244b752fbf9c7d9c48cd",
    "https://deno.land/std@0.189.0/fmt/colors.ts": "d67e3cd9f472535241a8e410d33423980bec45047e343577554d3356e1f0ef4e",
    "https://deno.land/std@0.189.0/http/http_status.ts": "8a7bcfe3ac025199ad804075385e57f63d055b2aed539d943ccc277616d6f932",
    "https://deno.land/std@0.189.0/testing/_diff.ts": "1a3c044aedf77647d6cac86b798c6417603361b66b54c53331b312caeb447aea",
    "https://deno.land/std@0.189.0/testing/_format.ts": "a69126e8a469009adf4cf2a50af889aca364c349797e63174884a52ff75cf4c7",
    "https://deno.land/std@0.189.0/testing/asserts.ts": "e16d98b4d73ffc4ed498d717307a12500ae4f2cbe668f1a215632d19fcffc22f",
    "https://deno.land/x/masx200_deno_serve_https@1.0.6/ConnInfo.ts": "b1e5bfa0126432c347855ac5703ddf94f85952b9dbebd4a971ff94b2df2e1ee5",
    "https://deno.land/x/masx200_deno_serve_https@1.0.6/Handler.ts": "ec6354a130f3def364e62f0a316537e2040746149eb72fcb6bef07567e90457a",
    "https://deno.land/x/masx200_deno_serve_https@1.0.6/Handlers.ts": "2b2a3b8bea0555d0e71c5f1495f51af88734503ab9e2fd5421958e271d45ffc4",
    "https://deno.land/x/masx200_deno_serve_https@1.0.6/ServeHttpInit.ts": "4ff34207e2ea1aece4f50fb42a8c191eb94fde5becfeabaf3e82527c92b10672",
    "https://deno.land/x/masx200_deno_serve_https@1.0.6/ServeHttpsInit.ts": "c990b32e72eec438a9d98429285fe9ae09845ca34713c30800555e7767ca51ba",
    "https://deno.land/x/masx200_deno_serve_https@1.0.6/hostnameForDisplay.ts": "957e351338f4c3e54f643f2ba2dec03a13d55ee8ab8e40e48d2236fc9cbc31e4",
    "https://deno.land/x/masx200_deno_serve_https@1.0.6/is_connect_or_upgrade.ts": "4f66c6a99dbca37d19276fa768d8bd82b6d0ef767783d0e3616677fccc1b47b4",
    "https://deno.land/x/masx200_deno_serve_https@1.0.6/mod.ts": "9b0e64be9cae62db900cc3642fee0bd719bf2a784e98144424849b3a23bb8c55",
    "https://deno.land/x/masx200_deno_serve_https@1.0.6/on_Error.ts": "0fd8e5e37c20c38b8084d470c254121a683d4cdef46226bf32e232075cc03873",
    "https://deno.land/x/masx200_deno_serve_https@1.0.6/on_NotFound.ts": "9d4ca0714ec81b421edeb364305a2875e2e273a20131ce7c286d46488f1acb57",
    "https://deno.land/x/masx200_deno_serve_https@1.0.6/on_request.ts": "59a3112e7c04511b56b18df452e506507dab180d5782bb43d35d2adb435be88a",
    "https://deno.land/x/masx200_deno_serve_https@1.0.6/on_tcp_connection.ts": "c7869b047e23639a73379de398a83ac9e21bf9b00f86a0381f228de773e27cfc",
    "https://deno.land/x/masx200_deno_serve_https@1.0.6/on_tls_connection.ts": "0232107f0208016872e8986f86148d988ce947a67f20ba74d722cc5edba1acd5",
    "https://deno.land/x/masx200_deno_serve_https@1.0.6/requestEventProcessor.ts": "000a65066480c947fb10969f8c90238a524e6b79ffdd48a079b8ec2e4004afa6",
    "https://deno.land/x/masx200_deno_serve_https@1.0.6/serve_http.ts": "c8998d9e3509d4ff0c8d6527afe97185454ceedc1a1e2ad489f707a34dab3b6f",
    "https://deno.land/x/masx200_deno_serve_https@1.0.6/serve_https.ts": "9979b85b48afd4eb149ac2213059648379ffc10497b9b5bf2a616af89360876e",
    "https://esm.sh/@hattip/response@0.0.34/": "8396cd44b8f95282fe118f41a4fb58b95d1d6830b53a623578b9e4819e81cfa6",
    "https://esm.sh/cache-control-parser@2.0.5/": "4016ca938ba3a3fc37f9c82a26c97686e50c4ba1dc638d856664395892b1ed64",
    "https://esm.sh/v135/@hattip/response@0.0.34/denonext/response.mjs": "ca0620cb0467fe269bfe2473ef35f51de34647b4dc94a316412502491bab1e0a",
    "https://esm.sh/v135/cache-control-parser@2.0.5/denonext/cache-control-parser.mjs": "3ad5fdba7a0073afa5f2d66e2572d4f9b68c1c346786189ecdf3b4e486a36c39",
    "https://gitee.com/masx200/deno-nameserver/raw/master/dns_packet.ts": "804246a11bc4a8e961a3ed31560f1ca9fe11969e199f082dcb97852dedb06272",
    "https://gitee.com/masx200/deno-nameserver/raw/master/dns_record_class.ts": "e6561b6fd65224e3302a2c39e79be316138af4df90ca4baa0504e8bda778ae50",
    "https://gitee.com/masx200/deno-nameserver/raw/master/dns_record_type.ts": "2ad16dbc31d3554f16a43635236e81af101e5398f748be5cc6fba46785b86f25",
    "https://gitee.com/masx200/deno-nameserver/raw/master/utils.ts": "4d626f205ff1b232e39192f346e04f15fc65ee5cb69da2dd7d1cfe7e217c6d67"
  }
}
